// !$*UTF8*$!
{
	archiveVersion = 1;
	classes = {
	};
	objectVersion = 50;
	objects = {

/* Begin PBXBuildFile section */
		B5C847FB28B4F3F70057B99B /* mime.c in Sources */ = {isa = PBXBuildFile; fileRef = B5C847F928B4F3F70057B99B /* mime.c */; };
		B5C847FC28B4F3F70057B99B /* mime.h in Headers */ = {isa = PBXBuildFile; fileRef = B5C847FA28B4F3F70057B99B /* mime.h */; };
		B5D2E7AE2714841400414D2D /* socket.h in Headers */ = {isa = PBXBuildFile; fileRef = B5D2E7AD2714841300414D2D /* socket.h */; };
		B5D2E7B02714843700414D2D /* pierror.h in Headers */ = {isa = PBXBuildFile; fileRef = B5D2E7AF2714843700414D2D /* pierror.h */; };
		B5EE21E72711F9B300596BBE /* select.h in Headers */ = {isa = PBXBuildFile; fileRef = B5EE21CF2711F9B200596BBE /* select.h */; };
		B5EE21E82711F9B300596BBE /* usocket.c in Sources */ = {isa = PBXBuildFile; fileRef = B5EE21D02711F9B200596BBE /* usocket.c */; };
		B5EE21E92711F9B300596BBE /* options.c in Sources */ = {isa = PBXBuildFile; fileRef = B5EE21D12711F9B200596BBE /* options.c */; };
		B5EE21EA2711F9B300596BBE /* udp.h in Headers */ = {isa = PBXBuildFile; fileRef = B5EE21D22711F9B200596BBE /* udp.h */; };
		B5EE21EB2711F9B300596BBE /* buffer.h in Headers */ = {isa = PBXBuildFile; fileRef = B5EE21D32711F9B200596BBE /* buffer.h */; };
		B5EE21EC2711F9B300596BBE /* inet.h in Headers */ = {isa = PBXBuildFile; fileRef = B5EE21D42711F9B200596BBE /* inet.h */; };
		B5EE21ED2711F9B300596BBE /* io.h in Headers */ = {isa = PBXBuildFile; fileRef = B5EE21D52711F9B200596BBE /* io.h */; };
		B5EE21EE2711F9B300596BBE /* select.c in Sources */ = {isa = PBXBuildFile; fileRef = B5EE21D62711F9B200596BBE /* select.c */; };
		B5EE21EF2711F9B300596BBE /* tcp.c in Sources */ = {isa = PBXBuildFile; fileRef = B5EE21D72711F9B200596BBE /* tcp.c */; };
		B5EE21F02711F9B300596BBE /* io.c in Sources */ = {isa = PBXBuildFile; fileRef = B5EE21D82711F9B200596BBE /* io.c */; };
		B5EE21F12711F9B300596BBE /* tcp.h in Headers */ = {isa = PBXBuildFile; fileRef = B5EE21D92711F9B200596BBE /* tcp.h */; };
		B5EE21F22711F9B300596BBE /* luasocket.c in Sources */ = {isa = PBXBuildFile; fileRef = B5EE21DA2711F9B200596BBE /* luasocket.c */; };
		B5EE21F32711F9B300596BBE /* options.h in Headers */ = {isa = PBXBuildFile; fileRef = B5EE21DB2711F9B200596BBE /* options.h */; };
		B5EE21F42711F9B300596BBE /* udp.c in Sources */ = {isa = PBXBuildFile; fileRef = B5EE21DC2711F9B200596BBE /* udp.c */; };
		B5EE21F52711F9B300596BBE /* inet.c in Sources */ = {isa = PBXBuildFile; fileRef = B5EE21DD2711F9B200596BBE /* inet.c */; };
		B5EE21F62711F9B300596BBE /* except.h in Headers */ = {isa = PBXBuildFile; fileRef = B5EE21DE2711F9B200596BBE /* except.h */; };
		B5EE21F72711F9B300596BBE /* except.c in Sources */ = {isa = PBXBuildFile; fileRef = B5EE21DF2711F9B200596BBE /* except.c */; };
		B5EE21F82711F9B300596BBE /* buffer.c in Sources */ = {isa = PBXBuildFile; fileRef = B5EE21E02711F9B200596BBE /* buffer.c */; };
		B5EE21F92711F9B300596BBE /* auxiliar.h in Headers */ = {isa = PBXBuildFile; fileRef = B5EE21E12711F9B200596BBE /* auxiliar.h */; };
		B5EE21FA2711F9B300596BBE /* auxiliar.c in Sources */ = {isa = PBXBuildFile; fileRef = B5EE21E22711F9B200596BBE /* auxiliar.c */; };
		B5EE21FB2711F9B300596BBE /* timeout.c in Sources */ = {isa = PBXBuildFile; fileRef = B5EE21E32711F9B200596BBE /* timeout.c */; };
		B5EE21FC2711F9B300596BBE /* timeout.h in Headers */ = {isa = PBXBuildFile; fileRef = B5EE21E42711F9B200596BBE /* timeout.h */; };
		B5EE21FD2711F9B300596BBE /* usocket.h in Headers */ = {isa = PBXBuildFile; fileRef = B5EE21E52711F9B300596BBE /* usocket.h */; };
		B5EE21FE2711F9B300596BBE /* luasocket.h in Headers */ = {isa = PBXBuildFile; fileRef = B5EE21E62711F9B300596BBE /* luasocket.h */; };
/* End PBXBuildFile section */

/* Begin PBXFileReference section */
		B5C847F928B4F3F70057B99B /* mime.c */ = {isa = PBXFileReference; fileEncoding = 4; lastKnownFileType = sourcecode.c.c; path = mime.c; sourceTree = "<group>"; };
		B5C847FA28B4F3F70057B99B /* mime.h */ = {isa = PBXFileReference; fileEncoding = 4; lastKnownFileType = sourcecode.c.h; path = mime.h; sourceTree = "<group>"; };
		B5C847FE28B4FFE00057B99B /* socket.lua */ = {isa = PBXFileReference; fileEncoding = 4; lastKnownFileType = text; path = socket.lua; sourceTree = "<group>"; };
		B5D2E7AD2714841300414D2D /* socket.h */ = {isa = PBXFileReference; fileEncoding = 4; lastKnownFileType = sourcecode.c.h; path = socket.h; sourceTree = "<group>"; };
		B5D2E7AF2714843700414D2D /* pierror.h */ = {isa = PBXFileReference; fileEncoding = 4; lastKnownFileType = sourcecode.c.h; path = pierror.h; sourceTree = "<group>"; };
		B5E23BBD29BFC9C40007AA46 /* LuaVersion.xcconfig */ = {isa = PBXFileReference; fileEncoding = 4; lastKnownFileType = text.xcconfig; path = LuaVersion.xcconfig; sourceTree = "<group>"; };
		B5E23BBE29BFC9C40007AA46 /* Shared.xcconfig */ = {isa = PBXFileReference; fileEncoding = 4; lastKnownFileType = text.xcconfig; path = Shared.xcconfig; sourceTree = "<group>"; };
		B5E23BBF29BFC9C40007AA46 /* ReleaseAll.xcconfig */ = {isa = PBXFileReference; fileEncoding = 4; lastKnownFileType = text.xcconfig; path = ReleaseAll.xcconfig; sourceTree = "<group>"; };
		B5E23BC029BFC9C40007AA46 /* DebugAll.xcconfig */ = {isa = PBXFileReference; fileEncoding = 4; lastKnownFileType = text.xcconfig; path = DebugAll.xcconfig; sourceTree = "<group>"; };
		B5EE21C32711F8EE00596BBE /* libsocket-static.a */ = {isa = PBXFileReference; explicitFileType = archive.ar; includeInIndex = 0; path = "libsocket-static.a"; sourceTree = BUILT_PRODUCTS_DIR; };
		B5EE21CF2711F9B200596BBE /* select.h */ = {isa = PBXFileReference; fileEncoding = 4; lastKnownFileType = sourcecode.c.h; path = select.h; sourceTree = "<group>"; };
		B5EE21D02711F9B200596BBE /* usocket.c */ = {isa = PBXFileReference; fileEncoding = 4; lastKnownFileType = sourcecode.c.c; path = usocket.c; sourceTree = "<group>"; };
		B5EE21D12711F9B200596BBE /* options.c */ = {isa = PBXFileReference; fileEncoding = 4; lastKnownFileType = sourcecode.c.c; path = options.c; sourceTree = "<group>"; };
		B5EE21D22711F9B200596BBE /* udp.h */ = {isa = PBXFileReference; fileEncoding = 4; lastKnownFileType = sourcecode.c.h; path = udp.h; sourceTree = "<group>"; };
		B5EE21D32711F9B200596BBE /* buffer.h */ = {isa = PBXFileReference; fileEncoding = 4; lastKnownFileType = sourcecode.c.h; path = buffer.h; sourceTree = "<group>"; };
		B5EE21D42711F9B200596BBE /* inet.h */ = {isa = PBXFileReference; fileEncoding = 4; lastKnownFileType = sourcecode.c.h; path = inet.h; sourceTree = "<group>"; };
		B5EE21D52711F9B200596BBE /* io.h */ = {isa = PBXFileReference; fileEncoding = 4; lastKnownFileType = sourcecode.c.h; path = io.h; sourceTree = "<group>"; };
		B5EE21D62711F9B200596BBE /* select.c */ = {isa = PBXFileReference; fileEncoding = 4; lastKnownFileType = sourcecode.c.c; path = select.c; sourceTree = "<group>"; };
		B5EE21D72711F9B200596BBE /* tcp.c */ = {isa = PBXFileReference; fileEncoding = 4; lastKnownFileType = sourcecode.c.c; path = tcp.c; sourceTree = "<group>"; };
		B5EE21D82711F9B200596BBE /* io.c */ = {isa = PBXFileReference; fileEncoding = 4; lastKnownFileType = sourcecode.c.c; path = io.c; sourceTree = "<group>"; };
		B5EE21D92711F9B200596BBE /* tcp.h */ = {isa = PBXFileReference; fileEncoding = 4; lastKnownFileType = sourcecode.c.h; path = tcp.h; sourceTree = "<group>"; };
		B5EE21DA2711F9B200596BBE /* luasocket.c */ = {isa = PBXFileReference; fileEncoding = 4; lastKnownFileType = sourcecode.c.c; path = luasocket.c; sourceTree = "<group>"; };
		B5EE21DB2711F9B200596BBE /* options.h */ = {isa = PBXFileReference; fileEncoding = 4; lastKnownFileType = sourcecode.c.h; path = options.h; sourceTree = "<group>"; };
		B5EE21DC2711F9B200596BBE /* udp.c */ = {isa = PBXFileReference; fileEncoding = 4; lastKnownFileType = sourcecode.c.c; path = udp.c; sourceTree = "<group>"; };
		B5EE21DD2711F9B200596BBE /* inet.c */ = {isa = PBXFileReference; fileEncoding = 4; lastKnownFileType = sourcecode.c.c; path = inet.c; sourceTree = "<group>"; };
		B5EE21DE2711F9B200596BBE /* except.h */ = {isa = PBXFileReference; fileEncoding = 4; lastKnownFileType = sourcecode.c.h; path = except.h; sourceTree = "<group>"; };
		B5EE21DF2711F9B200596BBE /* except.c */ = {isa = PBXFileReference; fileEncoding = 4; lastKnownFileType = sourcecode.c.c; path = except.c; sourceTree = "<group>"; };
		B5EE21E02711F9B200596BBE /* buffer.c */ = {isa = PBXFileReference; fileEncoding = 4; lastKnownFileType = sourcecode.c.c; path = buffer.c; sourceTree = "<group>"; };
		B5EE21E12711F9B200596BBE /* auxiliar.h */ = {isa = PBXFileReference; fileEncoding = 4; lastKnownFileType = sourcecode.c.h; path = auxiliar.h; sourceTree = "<group>"; };
		B5EE21E22711F9B200596BBE /* auxiliar.c */ = {isa = PBXFileReference; fileEncoding = 4; lastKnownFileType = sourcecode.c.c; path = auxiliar.c; sourceTree = "<group>"; };
		B5EE21E32711F9B200596BBE /* timeout.c */ = {isa = PBXFileReference; fileEncoding = 4; lastKnownFileType = sourcecode.c.c; path = timeout.c; sourceTree = "<group>"; };
		B5EE21E42711F9B200596BBE /* timeout.h */ = {isa = PBXFileReference; fileEncoding = 4; lastKnownFileType = sourcecode.c.h; path = timeout.h; sourceTree = "<group>"; };
		B5EE21E52711F9B300596BBE /* usocket.h */ = {isa = PBXFileReference; fileEncoding = 4; lastKnownFileType = sourcecode.c.h; path = usocket.h; sourceTree = "<group>"; };
		B5EE21E62711F9B300596BBE /* luasocket.h */ = {isa = PBXFileReference; fileEncoding = 4; lastKnownFileType = sourcecode.c.h; path = luasocket.h; sourceTree = "<group>"; };
/* End PBXFileReference section */

/* Begin PBXFrameworksBuildPhase section */
		B5EE21C12711F8EE00596BBE /* Frameworks */ = {
			isa = PBXFrameworksBuildPhase;
			buildActionMask = 2147483647;
			files = (
			);
			runOnlyForDeploymentPostprocessing = 0;
		};
/* End PBXFrameworksBuildPhase section */

/* Begin PBXGroup section */
		B5C847FD28B4FE780057B99B /* Lua */ = {
			isa = PBXGroup;
			children = (
				B5C847FE28B4FFE00057B99B /* socket.lua */,
			);
			name = Lua;
			path = luasocket/src;
			sourceTree = "<group>";
		};
		B5EE21BA2711F8EE00596BBE = {
			isa = PBXGroup;
			children = (
				B5C847FD28B4FE780057B99B /* Lua */,
				B5EE21CA2711F90700596BBE /* Config */,
				B5EE21CE2711F96000596BBE /* Source */,
				B5EE21C42711F8EE00596BBE /* Products */,
			);
			sourceTree = "<group>";
		};
		B5EE21C42711F8EE00596BBE /* Products */ = {
			isa = PBXGroup;
			children = (
				B5EE21C32711F8EE00596BBE /* libsocket-static.a */,
			);
			name = Products;
			sourceTree = "<group>";
		};
		B5EE21CA2711F90700596BBE /* Config */ = {
			isa = PBXGroup;
			children = (
				B5E23BC029BFC9C40007AA46 /* DebugAll.xcconfig */,
				B5E23BBD29BFC9C40007AA46 /* LuaVersion.xcconfig */,
				B5E23BBF29BFC9C40007AA46 /* ReleaseAll.xcconfig */,
				B5E23BBE29BFC9C40007AA46 /* Shared.xcconfig */,
			);
			name = Config;
			path = config;
			sourceTree = SOURCE_ROOT;
		};
		B5EE21CE2711F96000596BBE /* Source */ = {
			isa = PBXGroup;
			children = (
				B5EE21E22711F9B200596BBE /* auxiliar.c */,
				B5EE21E12711F9B200596BBE /* auxiliar.h */,
				B5EE21E02711F9B200596BBE /* buffer.c */,
				B5EE21D32711F9B200596BBE /* buffer.h */,
				B5EE21DF2711F9B200596BBE /* except.c */,
				B5EE21DE2711F9B200596BBE /* except.h */,
				B5EE21DD2711F9B200596BBE /* inet.c */,
				B5EE21D42711F9B200596BBE /* inet.h */,
				B5EE21D82711F9B200596BBE /* io.c */,
				B5EE21D52711F9B200596BBE /* io.h */,
				B5EE21DA2711F9B200596BBE /* luasocket.c */,
				B5EE21E62711F9B300596BBE /* luasocket.h */,
				B5C847F928B4F3F70057B99B /* mime.c */,
				B5C847FA28B4F3F70057B99B /* mime.h */,
				B5EE21D12711F9B200596BBE /* options.c */,
				B5EE21DB2711F9B200596BBE /* options.h */,
				B5D2E7AF2714843700414D2D /* pierror.h */,
				B5EE21D62711F9B200596BBE /* select.c */,
				B5EE21CF2711F9B200596BBE /* select.h */,
				B5D2E7AD2714841300414D2D /* socket.h */,
				B5EE21D72711F9B200596BBE /* tcp.c */,
				B5EE21D92711F9B200596BBE /* tcp.h */,
				B5EE21E32711F9B200596BBE /* timeout.c */,
				B5EE21E42711F9B200596BBE /* timeout.h */,
				B5EE21DC2711F9B200596BBE /* udp.c */,
				B5EE21D22711F9B200596BBE /* udp.h */,
				B5EE21D02711F9B200596BBE /* usocket.c */,
				B5EE21E52711F9B300596BBE /* usocket.h */,
			);
			name = Source;
			path = luasocket/src;
			sourceTree = "<group>";
		};
/* End PBXGroup section */

/* Begin PBXHeadersBuildPhase section */
		B5EE21BF2711F8EE00596BBE /* Headers */ = {
			isa = PBXHeadersBuildPhase;
			buildActionMask = 2147483647;
			files = (
				B5EE21FC2711F9B300596BBE /* timeout.h in Headers */,
				B5EE21F32711F9B300596BBE /* options.h in Headers */,
				B5EE21F12711F9B300596BBE /* tcp.h in Headers */,
				B5D2E7AE2714841400414D2D /* socket.h in Headers */,
				B5EE21ED2711F9B300596BBE /* io.h in Headers */,
				B5C847FC28B4F3F70057B99B /* mime.h in Headers */,
				B5EE21FE2711F9B300596BBE /* luasocket.h in Headers */,
				B5EE21EC2711F9B300596BBE /* inet.h in Headers */,
				B5EE21EA2711F9B300596BBE /* udp.h in Headers */,
				B5EE21E72711F9B300596BBE /* select.h in Headers */,
				B5EE21EB2711F9B300596BBE /* buffer.h in Headers */,
				B5D2E7B02714843700414D2D /* pierror.h in Headers */,
				B5EE21F92711F9B300596BBE /* auxiliar.h in Headers */,
				B5EE21FD2711F9B300596BBE /* usocket.h in Headers */,
				B5EE21F62711F9B300596BBE /* except.h in Headers */,
			);
			runOnlyForDeploymentPostprocessing = 0;
		};
/* End PBXHeadersBuildPhase section */

/* Begin PBXNativeTarget section */
		B5EE21C22711F8EE00596BBE /* socket-static */ = {
			isa = PBXNativeTarget;
			buildConfigurationList = B5EE21C72711F8EE00596BBE /* Build configuration list for PBXNativeTarget "socket-static" */;
			buildPhases = (
				B5EE21BF2711F8EE00596BBE /* Headers */,
				B5EE21C02711F8EE00596BBE /* Sources */,
				B5EE21C12711F8EE00596BBE /* Frameworks */,
			);
			buildRules = (
			);
			dependencies = (
			);
			name = "socket-static";
			productName = "socket-static";
			productReference = B5EE21C32711F8EE00596BBE /* libsocket-static.a */;
			productType = "com.apple.product-type.library.static";
		};
/* End PBXNativeTarget section */

/* Begin PBXProject section */
		B5EE21BB2711F8EE00596BBE /* Project object */ = {
			isa = PBXProject;
			attributes = {
				LastUpgradeCheck = 1250;
				TargetAttributes = {
					B5EE21C22711F8EE00596BBE = {
						CreatedOnToolsVersion = 12.5.1;
					};
				};
			};
			buildConfigurationList = B5EE21BE2711F8EE00596BBE /* Build configuration list for PBXProject "socket-static" */;
			compatibilityVersion = "Xcode 9.3";
			developmentRegion = en;
			hasScannedForEncodings = 0;
			knownRegions = (
				en,
				Base,
			);
			mainGroup = B5EE21BA2711F8EE00596BBE;
			productRefGroup = B5EE21C42711F8EE00596BBE /* Products */;
			projectDirPath = "";
			projectRoot = "";
			targets = (
				B5EE21C22711F8EE00596BBE /* socket-static */,
			);
		};
/* End PBXProject section */

/* Begin PBXSourcesBuildPhase section */
		B5EE21C02711F8EE00596BBE /* Sources */ = {
			isa = PBXSourcesBuildPhase;
			buildActionMask = 2147483647;
			files = (
				B5C847FB28B4F3F70057B99B /* mime.c in Sources */,
				B5EE21F42711F9B300596BBE /* udp.c in Sources */,
				B5EE21F72711F9B300596BBE /* except.c in Sources */,
				B5EE21F02711F9B300596BBE /* io.c in Sources */,
				B5EE21F82711F9B300596BBE /* buffer.c in Sources */,
				B5EE21F22711F9B300596BBE /* luasocket.c in Sources */,
				B5EE21FB2711F9B300596BBE /* timeout.c in Sources */,
				B5EE21EE2711F9B300596BBE /* select.c in Sources */,
				B5EE21EF2711F9B300596BBE /* tcp.c in Sources */,
				B5EE21E92711F9B300596BBE /* options.c in Sources */,
				B5EE21FA2711F9B300596BBE /* auxiliar.c in Sources */,
				B5EE21E82711F9B300596BBE /* usocket.c in Sources */,
				B5EE21F52711F9B300596BBE /* inet.c in Sources */,
			);
			runOnlyForDeploymentPostprocessing = 0;
		};
/* End PBXSourcesBuildPhase section */

/* Begin XCBuildConfiguration section */
		B5EE21C52711F8EE00596BBE /* Debug */ = {
			isa = XCBuildConfiguration;
			baseConfigurationReference = B5E23BC029BFC9C40007AA46 /* DebugAll.xcconfig */;
			buildSettings = {
				ALWAYS_SEARCH_USER_PATHS = NO;
				CLANG_ANALYZER_NONNULL = YES;
				CLANG_ANALYZER_NUMBER_OBJECT_CONVERSION = YES_AGGRESSIVE;
				CLANG_CXX_LANGUAGE_STANDARD = "gnu++14";
				CLANG_CXX_LIBRARY = "libc++";
				CLANG_ENABLE_MODULES = YES;
				CLANG_ENABLE_OBJC_ARC = YES;
				CLANG_ENABLE_OBJC_WEAK = YES;
				CLANG_WARN_BLOCK_CAPTURE_AUTORELEASING = YES;
				CLANG_WARN_BOOL_CONVERSION = YES;
				CLANG_WARN_COMMA = YES;
				CLANG_WARN_CONSTANT_CONVERSION = YES;
				CLANG_WARN_DEPRECATED_OBJC_IMPLEMENTATIONS = YES;
				CLANG_WARN_DIRECT_OBJC_ISA_USAGE = YES_ERROR;
				CLANG_WARN_DOCUMENTATION_COMMENTS = YES;
				CLANG_WARN_EMPTY_BODY = YES;
				CLANG_WARN_ENUM_CONVERSION = YES;
				CLANG_WARN_INFINITE_RECURSION = YES;
				CLANG_WARN_INT_CONVERSION = YES;
				CLANG_WARN_NON_LITERAL_NULL_CONVERSION = YES;
				CLANG_WARN_OBJC_IMPLICIT_RETAIN_SELF = YES;
				CLANG_WARN_OBJC_LITERAL_CONVERSION = YES;
				CLANG_WARN_OBJC_ROOT_CLASS = YES_ERROR;
				CLANG_WARN_QUOTED_INCLUDE_IN_FRAMEWORK_HEADER = YES;
				CLANG_WARN_RANGE_LOOP_ANALYSIS = YES;
				CLANG_WARN_STRICT_PROTOTYPES = YES;
				CLANG_WARN_SUSPICIOUS_MOVE = YES;
				CLANG_WARN_UNGUARDED_AVAILABILITY = YES_AGGRESSIVE;
				CLANG_WARN_UNREACHABLE_CODE = YES;
				CLANG_WARN__DUPLICATE_METHOD_MATCH = YES;
				COPY_PHASE_STRIP = NO;
				DEBUG_INFORMATION_FORMAT = dwarf;
				ENABLE_STRICT_OBJC_MSGSEND = YES;
				ENABLE_TESTABILITY = YES;
				GCC_C_LANGUAGE_STANDARD = gnu11;
				GCC_DYNAMIC_NO_PIC = NO;
				GCC_NO_COMMON_BLOCKS = YES;
				GCC_OPTIMIZATION_LEVEL = 0;
				GCC_PREPROCESSOR_DEFINITIONS = (
					"DEBUG=1",
					"$(inherited)",
				);
				GCC_WARN_64_TO_32_BIT_CONVERSION = YES;
				GCC_WARN_ABOUT_RETURN_TYPE = YES_ERROR;
				GCC_WARN_UNDECLARED_SELECTOR = YES;
				GCC_WARN_UNINITIALIZED_AUTOS = YES_AGGRESSIVE;
				GCC_WARN_UNUSED_FUNCTION = YES;
				GCC_WARN_UNUSED_VARIABLE = YES;
				MTL_ENABLE_DEBUG_INFO = INCLUDE_SOURCE;
				MTL_FAST_MATH = YES;
				ONLY_ACTIVE_ARCH = YES;
				SDKROOT = macosx;
			};
			name = Debug;
		};
		B5EE21C62711F8EE00596BBE /* Release */ = {
			isa = XCBuildConfiguration;
			baseConfigurationReference = B5E23BBF29BFC9C40007AA46 /* ReleaseAll.xcconfig */;
			buildSettings = {
				ALWAYS_SEARCH_USER_PATHS = NO;
				CLANG_ANALYZER_NONNULL = YES;
				CLANG_ANALYZER_NUMBER_OBJECT_CONVERSION = YES_AGGRESSIVE;
				CLANG_CXX_LANGUAGE_STANDARD = "gnu++14";
				CLANG_CXX_LIBRARY = "libc++";
				CLANG_ENABLE_MODULES = YES;
				CLANG_ENABLE_OBJC_ARC = YES;
				CLANG_ENABLE_OBJC_WEAK = YES;
				CLANG_WARN_BLOCK_CAPTURE_AUTORELEASING = YES;
				CLANG_WARN_BOOL_CONVERSION = YES;
				CLANG_WARN_COMMA = YES;
				CLANG_WARN_CONSTANT_CONVERSION = YES;
				CLANG_WARN_DEPRECATED_OBJC_IMPLEMENTATIONS = YES;
				CLANG_WARN_DIRECT_OBJC_ISA_USAGE = YES_ERROR;
				CLANG_WARN_DOCUMENTATION_COMMENTS = YES;
				CLANG_WARN_EMPTY_BODY = YES;
				CLANG_WARN_ENUM_CONVERSION = YES;
				CLANG_WARN_INFINITE_RECURSION = YES;
				CLANG_WARN_INT_CONVERSION = YES;
				CLANG_WARN_NON_LITERAL_NULL_CONVERSION = YES;
				CLANG_WARN_OBJC_IMPLICIT_RETAIN_SELF = YES;
				CLANG_WARN_OBJC_LITERAL_CONVERSION = YES;
				CLANG_WARN_OBJC_ROOT_CLASS = YES_ERROR;
				CLANG_WARN_QUOTED_INCLUDE_IN_FRAMEWORK_HEADER = YES;
				CLANG_WARN_RANGE_LOOP_ANALYSIS = YES;
				CLANG_WARN_STRICT_PROTOTYPES = YES;
				CLANG_WARN_SUSPICIOUS_MOVE = YES;
				CLANG_WARN_UNGUARDED_AVAILABILITY = YES_AGGRESSIVE;
				CLANG_WARN_UNREACHABLE_CODE = YES;
				CLANG_WARN__DUPLICATE_METHOD_MATCH = YES;
				COPY_PHASE_STRIP = NO;
				DEBUG_INFORMATION_FORMAT = "dwarf-with-dsym";
				ENABLE_NS_ASSERTIONS = NO;
				ENABLE_STRICT_OBJC_MSGSEND = YES;
				GCC_C_LANGUAGE_STANDARD = gnu11;
				GCC_NO_COMMON_BLOCKS = YES;
				GCC_WARN_64_TO_32_BIT_CONVERSION = YES;
				GCC_WARN_ABOUT_RETURN_TYPE = YES_ERROR;
				GCC_WARN_UNDECLARED_SELECTOR = YES;
				GCC_WARN_UNINITIALIZED_AUTOS = YES_AGGRESSIVE;
				GCC_WARN_UNUSED_FUNCTION = YES;
				GCC_WARN_UNUSED_VARIABLE = YES;
				MTL_ENABLE_DEBUG_INFO = NO;
				MTL_FAST_MATH = YES;
				SDKROOT = macosx;
			};
			name = Release;
		};
		B5EE21C82711F8EE00596BBE /* Debug */ = {
			isa = XCBuildConfiguration;
			buildSettings = {
				CODE_SIGN_STYLE = Automatic;
				DEVELOPMENT_TEAM = P54J8A2VK7;
				EXECUTABLE_PREFIX = lib;
				PRODUCT_NAME = "$(TARGET_NAME)";
				SKIP_INSTALL = YES;
			};
			name = Debug;
		};
		B5EE21C92711F8EE00596BBE /* Release */ = {
			isa = XCBuildConfiguration;
			buildSettings = {
				CODE_SIGN_STYLE = Automatic;
				DEVELOPMENT_TEAM = P54J8A2VK7;
				EXECUTABLE_PREFIX = lib;
				PRODUCT_NAME = "$(TARGET_NAME)";
				SKIP_INSTALL = YES;
			};
			name = Release;
		};
/* End XCBuildConfiguration section */

/* Begin XCConfigurationList section */
		B5EE21BE2711F8EE00596BBE /* Build configuration list for PBXProject "socket-static" */ = {
			isa = XCConfigurationList;
			buildConfigurations = (
				B5EE21C52711F8EE00596BBE /* Debug */,
				B5EE21C62711F8EE00596BBE /* Release */,
			);
			defaultConfigurationIsVisible = 0;
			defaultConfigurationName = Release;
		};
		B5EE21C72711F8EE00596BBE /* Build configuration list for PBXNativeTarget "socket-static" */ = {
			isa = XCConfigurationList;
			buildConfigurations = (
				B5EE21C82711F8EE00596BBE /* Debug */,
				B5EE21C92711F8EE00596BBE /* Release */,
			);
			defaultConfigurationIsVisible = 0;
			defaultConfigurationName = Release;
		};
/* End XCConfigurationList section */
	};
	rootObject = B5EE21BB2711F8EE00596BBE /* Project object */;
}
