<?xml version="1.0" encoding="utf-8"?>
<Project ToolsVersion="4.0" xmlns="http://schemas.microsoft.com/developer/msbuild/2003">
  <ItemGroup>
    <Filter Include="Source Files">
      <UniqueIdentifier>{4FC737F1-C7A5-4376-A066-2A32D752A2FF}</UniqueIdentifier>
      <Extensions>cpp;c;cc;cxx;c++;cppm;ixx;def;odl;idl;hpj;bat;asm;asmx</Extensions>
    </Filter>
    <Filter Include="Header Files">
      <UniqueIdentifier>{93995380-89BD-4b04-88EB-625FBE52EBFB}</UniqueIdentifier>
      <Extensions>h;hh;hpp;hxx;h++;hm;inl;inc;ipp;xsd</Extensions>
    </Filter>
    <Filter Include="Resource Files">
      <UniqueIdentifier>{67DA6AB6-F800-4c08-8B7A-83BB121AAD01}</UniqueIdentifier>
      <Extensions>rc;ico;cur;bmp;dlg;rc2;rct;bin;rgs;gif;jpg;jpeg;jpe;resx;tiff;tif;png;wav;mfcribbon-ms</Extensions>
    </Filter>
    <Filter Include="Source Files\src">
      <UniqueIdentifier>{5f8aa0b4-0797-4ddb-befb-b7dbd97a4ef6}</UniqueIdentifier>
    </Filter>
    <Filter Include="utf8-lua52">
      <UniqueIdentifier>{01a35a15-3d83-42e7-a89a-e8fe5e0e1feb}</UniqueIdentifier>
    </Filter>
  </ItemGroup>
  <ItemGroup>
    <ClInclude Include="framework.h">
      <Filter>Header Files</Filter>
    </ClInclude>
    <ClInclude Include="pch.h">
      <Filter>Header Files</Filter>
    </ClInclude>
    <ClInclude Include="..\lua-5.2.4\src\lapi.h">
      <Filter>Source Files\src</Filter>
    </ClInclude>
    <ClInclude Include="..\lua-5.2.4\src\lauxlib.h">
      <Filter>Source Files\src</Filter>
    </ClInclude>
    <ClInclude Include="..\lua-5.2.4\src\lcode.h">
      <Filter>Source Files\src</Filter>
    </ClInclude>
    <ClInclude Include="..\lua-5.2.4\src\lctype.h">
      <Filter>Source Files\src</Filter>
    </ClInclude>
    <ClInclude Include="..\lua-5.2.4\src\ldebug.h">
      <Filter>Source Files\src</Filter>
    </ClInclude>
    <ClInclude Include="..\lua-5.2.4\src\ldo.h">
      <Filter>Source Files\src</Filter>
    </ClInclude>
    <ClInclude Include="..\lua-5.2.4\src\lfunc.h">
      <Filter>Source Files\src</Filter>
    </ClInclude>
    <ClInclude Include="..\lua-5.2.4\src\lgc.h">
      <Filter>Source Files\src</Filter>
    </ClInclude>
    <ClInclude Include="..\lua-5.2.4\src\llex.h">
      <Filter>Source Files\src</Filter>
    </ClInclude>
    <ClInclude Include="..\lua-5.2.4\src\llimits.h">
      <Filter>Source Files\src</Filter>
    </ClInclude>
    <ClInclude Include="..\lua-5.2.4\src\lmem.h">
      <Filter>Source Files\src</Filter>
    </ClInclude>
    <ClInclude Include="..\lua-5.2.4\src\lobject.h">
      <Filter>Source Files\src</Filter>
    </ClInclude>
    <ClInclude Include="..\lua-5.2.4\src\lopcodes.h">
      <Filter>Source Files\src</Filter>
    </ClInclude>
    <ClInclude Include="..\lua-5.2.4\src\lparser.h">
      <Filter>Source Files\src</Filter>
    </ClInclude>
    <ClInclude Include="..\lua-5.2.4\src\lstate.h">
      <Filter>Source Files\src</Filter>
    </ClInclude>
    <ClInclude Include="..\lua-5.2.4\src\lstring.h">
      <Filter>Source Files\src</Filter>
    </ClInclude>
    <ClInclude Include="..\lua-5.2.4\src\ltable.h">
      <Filter>Source Files\src</Filter>
    </ClInclude>
    <ClInclude Include="..\lua-5.2.4\src\ltm.h">
      <Filter>Source Files\src</Filter>
    </ClInclude>
    <ClInclude Include="..\lua-5.2.4\src\lua.h">
      <Filter>Source Files\src</Filter>
    </ClInclude>
    <ClInclude Include="..\lua-5.2.4\src\lua.hpp">
      <Filter>Source Files\src</Filter>
    </ClInclude>
    <ClInclude Include="..\lua-5.2.4\src\luaconf.h">
      <Filter>Source Files\src</Filter>
    </ClInclude>
    <ClInclude Include="..\lua-5.2.4\src\lualib.h">
      <Filter>Source Files\src</Filter>
    </ClInclude>
    <ClInclude Include="..\lua-5.2.4\src\lundump.h">
      <Filter>Source Files\src</Filter>
    </ClInclude>
    <ClInclude Include="..\lua-5.2.4\src\lvm.h">
      <Filter>Source Files\src</Filter>
    </ClInclude>
    <ClInclude Include="..\lua-5.2.4\src\lzio.h">
      <Filter>Source Files\src</Filter>
    </ClInclude>
    <ClInclude Include="..\utf8-lua52\lutf8lib.h">
      <Filter>utf8-lua52</Filter>
    </ClInclude>
  </ItemGroup>
  <ItemGroup>
    <ClCompile Include="pch.c">
      <Filter>Source Files</Filter>
    </ClCompile>
    <ClCompile Include="..\lua-5.2.4\src\lapi.c">
      <Filter>Source Files\src</Filter>
    </ClCompile>
    <ClCompile Include="..\lua-5.2.4\src\lauxlib.c">
      <Filter>Source Files\src</Filter>
    </ClCompile>
    <ClCompile Include="..\lua-5.2.4\src\lbaselib.c">
      <Filter>Source Files\src</Filter>
    </ClCompile>
    <ClCompile Include="..\lua-5.2.4\src\lbitlib.c">
      <Filter>Source Files\src</Filter>
    </ClCompile>
    <ClCompile Include="..\lua-5.2.4\src\lcode.c">
      <Filter>Source Files\src</Filter>
    </ClCompile>
    <ClCompile Include="..\lua-5.2.4\src\lcorolib.c">
      <Filter>Source Files\src</Filter>
    </ClCompile>
    <ClCompile Include="..\lua-5.2.4\src\lctype.c">
      <Filter>Source Files\src</Filter>
    </ClCompile>
    <ClCompile Include="..\lua-5.2.4\src\ldblib.c">
      <Filter>Source Files\src</Filter>
    </ClCompile>
    <ClCompile Include="..\lua-5.2.4\src\ldebug.c">
      <Filter>Source Files\src</Filter>
    </ClCompile>
    <ClCompile Include="..\lua-5.2.4\src\ldo.c">
      <Filter>Source Files\src</Filter>
    </ClCompile>
    <ClCompile Include="..\lua-5.2.4\src\ldump.c">
      <Filter>Source Files\src</Filter>
    </ClCompile>
    <ClCompile Include="..\lua-5.2.4\src\lfunc.c">
      <Filter>Source Files\src</Filter>
    </ClCompile>
    <ClCompile Include="..\lua-5.2.4\src\lgc.c">
      <Filter>Source Files\src</Filter>
    </ClCompile>
    <ClCompile Include="..\lua-5.2.4\src\linit.c">
      <Filter>Source Files\src</Filter>
    </ClCompile>
    <ClCompile Include="..\lua-5.2.4\src\liolib.c">
      <Filter>Source Files\src</Filter>
    </ClCompile>
    <ClCompile Include="..\lua-5.2.4\src\llex.c">
      <Filter>Source Files\src</Filter>
    </ClCompile>
    <ClCompile Include="..\lua-5.2.4\src\lmathlib.c">
      <Filter>Source Files\src</Filter>
    </ClCompile>
    <ClCompile Include="..\lua-5.2.4\src\lmem.c">
      <Filter>Source Files\src</Filter>
    </ClCompile>
    <ClCompile Include="..\lua-5.2.4\src\loadlib.c">
      <Filter>Source Files\src</Filter>
    </ClCompile>
    <ClCompile Include="..\lua-5.2.4\src\lobject.c">
      <Filter>Source Files\src</Filter>
    </ClCompile>
    <ClCompile Include="..\lua-5.2.4\src\lopcodes.c">
      <Filter>Source Files\src</Filter>
    </ClCompile>
    <ClCompile Include="..\lua-5.2.4\src\loslib.c">
      <Filter>Source Files\src</Filter>
    </ClCompile>
    <ClCompile Include="..\lua-5.2.4\src\lparser.c">
      <Filter>Source Files\src</Filter>
    </ClCompile>
    <ClCompile Include="..\lua-5.2.4\src\lstate.c">
      <Filter>Source Files\src</Filter>
    </ClCompile>
    <ClCompile Include="..\lua-5.2.4\src\lstring.c">
      <Filter>Source Files\src</Filter>
    </ClCompile>
    <ClCompile Include="..\lua-5.2.4\src\lstrlib.c">
      <Filter>Source Files\src</Filter>
    </ClCompile>
    <ClCompile Include="..\lua-5.2.4\src\ltable.c">
      <Filter>Source Files\src</Filter>
    </ClCompile>
    <ClCompile Include="..\lua-5.2.4\src\ltablib.c">
      <Filter>Source Files\src</Filter>
    </ClCompile>
    <ClCompile Include="..\lua-5.2.4\src\ltm.c">
      <Filter>Source Files\src</Filter>
    </ClCompile>
    <ClCompile Include="..\lua-5.2.4\src\lundump.c">
      <Filter>Source Files\src</Filter>
    </ClCompile>
    <ClCompile Include="..\lua-5.2.4\src\lvm.c">
      <Filter>Source Files\src</Filter>
    </ClCompile>
    <ClCompile Include="..\lua-5.2.4\src\lzio.c">
      <Filter>Source Files\src</Filter>
    </ClCompile>
    <ClCompile Include="..\utf8-lua52\lutf8lib.c">
      <Filter>utf8-lua52</Filter>
    </ClCompile>
  </ItemGroup>
</Project>